// !$*UTF8*$!
{
	archiveVersion = 1;
	classes = {
	};
	objectVersion = 56;
	objects = {

/* Begin PBXBuildFile section */
		182C001B2C2294EA00DAAED7 /* CollebraDemoApp.swift in Sources */ = {isa = PBXBuildFile; fileRef = 182C001A2C2294EA00DAAED7 /* CollebraDemoApp.swift */; };
		182C001D2C2294EA00DAAED7 /* Persistence.swift in Sources */ = {isa = PBXBuildFile; fileRef = 182C001C2C2294EA00DAAED7 /* Persistence.swift */; };
		182C00202C2294EA00DAAED7 /* CollebraDemo.xcdatamodeld in Sources */ = {isa = PBXBuildFile; fileRef = 182C001E2C2294EA00DAAED7 /* CollebraDemo.xcdatamodeld */; };
		182C00222C2294EA00DAAED7 /* ContentView.swift in Sources */ = {isa = PBXBuildFile; fileRef = 182C00212C2294EA00DAAED7 /* ContentView.swift */; };
		182C00242C2294EB00DAAED7 /* Assets.xcassets in Resources */ = {isa = PBXBuildFile; fileRef = 182C00232C2294EB00DAAED7 /* Assets.xcassets */; };
		182C00282C2294EB00DAAED7 /* Preview Assets.xcassets in Resources */ = {isa = PBXBuildFile; fileRef = 182C00272C2294EB00DAAED7 /* Preview Assets.xcassets */; };
		182C002F2C22953A00DAAED7 /* BioMetricHelper.swift in Sources */ = {isa = PBXBuildFile; fileRef = 182C002E2C22953A00DAAED7 /* BioMetricHelper.swift */; };
		182C00312C22959100DAAED7 /* DBMAnager.swift in Sources */ = {isa = PBXBuildFile; fileRef = 182C00302C22959100DAAED7 /* DBMAnager.swift */; };
		182C00332C2295BA00DAAED7 /* NotesViewModel.swift in Sources */ = {isa = PBXBuildFile; fileRef = 182C00322C2295BA00DAAED7 /* NotesViewModel.swift */; };
		182C00352C22965B00DAAED7 /* AppCordinator.swift in Sources */ = {isa = PBXBuildFile; fileRef = 182C00342C22965B00DAAED7 /* AppCordinator.swift */; };
/* End PBXBuildFile section */

/* Begin PBXFileReference section */
		182C00172C2294EA00DAAED7 /* CollebraDemo.app */ = {isa = PBXFileReference; explicitFileType = wrapper.application; includeInIndex = 0; path = CollebraDemo.app; sourceTree = BUILT_PRODUCTS_DIR; };
		182C001A2C2294EA00DAAED7 /* CollebraDemoApp.swift */ = {isa = PBXFileReference; lastKnownFileType = sourcecode.swift; path = CollebraDemoApp.swift; sourceTree = "<group>"; };
		182C001C2C2294EA00DAAED7 /* Persistence.swift */ = {isa = PBXFileReference; lastKnownFileType = sourcecode.swift; path = Persistence.swift; sourceTree = "<group>"; };
		182C001F2C2294EA00DAAED7 /* CollebraDemo.xcdatamodel */ = {isa = PBXFileReference; lastKnownFileType = wrapper.xcdatamodel; path = CollebraDemo.xcdatamodel; sourceTree = "<group>"; };
		182C00212C2294EA00DAAED7 /* ContentView.swift */ = {isa = PBXFileReference; lastKnownFileType = sourcecode.swift; path = ContentView.swift; sourceTree = "<group>"; };
		182C00232C2294EB00DAAED7 /* Assets.xcassets */ = {isa = PBXFileReference; lastKnownFileType = folder.assetcatalog; path = Assets.xcassets; sourceTree = "<group>"; };
		182C00252C2294EB00DAAED7 /* CollebraDemo.entitlements */ = {isa = PBXFileReference; lastKnownFileType = text.plist.entitlements; path = CollebraDemo.entitlements; sourceTree = "<group>"; };
		182C00272C2294EB00DAAED7 /* Preview Assets.xcassets */ = {isa = PBXFileReference; lastKnownFileType = folder.assetcatalog; path = "Preview Assets.xcassets"; sourceTree = "<group>"; };
		182C002E2C22953A00DAAED7 /* BioMetricHelper.swift */ = {isa = PBXFileReference; lastKnownFileType = sourcecode.swift; path = BioMetricHelper.swift; sourceTree = "<group>"; };
		182C00302C22959100DAAED7 /* DBMAnager.swift */ = {isa = PBXFileReference; lastKnownFileType = sourcecode.swift; path = DBMAnager.swift; sourceTree = "<group>"; };
		182C00322C2295BA00DAAED7 /* NotesViewModel.swift */ = {isa = PBXFileReference; lastKnownFileType = sourcecode.swift; path = NotesViewModel.swift; sourceTree = "<group>"; };
		182C00342C22965B00DAAED7 /* AppCordinator.swift */ = {isa = PBXFileReference; lastKnownFileType = sourcecode.swift; path = AppCordinator.swift; sourceTree = "<group>"; };
/* End PBXFileReference section */

/* Begin PBXFrameworksBuildPhase section */
		182C00142C2294EA00DAAED7 /* Frameworks */ = {
			isa = PBXFrameworksBuildPhase;
			buildActionMask = 2147483647;
			files = (
			);
			runOnlyForDeploymentPostprocessing = 0;
		};
/* End PBXFrameworksBuildPhase section */

/* Begin PBXGroup section */
		182C000E2C2294EA00DAAED7 = {
			isa = PBXGroup;
			children = (
				182C00192C2294EA00DAAED7 /* CollebraDemo */,
				182C00182C2294EA00DAAED7 /* Products */,
			);
			sourceTree = "<group>";
		};
		182C00182C2294EA00DAAED7 /* Products */ = {
			isa = PBXGroup;
			children = (
				182C00172C2294EA00DAAED7 /* CollebraDemo.app */,
			);
			name = Products;
			sourceTree = "<group>";
		};
		182C00192C2294EA00DAAED7 /* CollebraDemo */ = {
			isa = PBXGroup;
			children = (
				A8E299AC2C2354C9005F5617 /* Helpers */,
				A8E299A92C23549B005F5617 /* Model */,
				A8E299AB2C2354AB005F5617 /* ViewModel */,
				A8E299AA2C2354A5005F5617 /* View */,
				A8E299AE2C2354F4005F5617 /* Cordinator */,
				182C00232C2294EB00DAAED7 /* Assets.xcassets */,
				182C00252C2294EB00DAAED7 /* CollebraDemo.entitlements */,
				182C001E2C2294EA00DAAED7 /* CollebraDemo.xcdatamodeld */,
				182C00262C2294EB00DAAED7 /* Preview Content */,
			);
			path = CollebraDemo;
			sourceTree = "<group>";
		};
		182C00262C2294EB00DAAED7 /* Preview Content */ = {
			isa = PBXGroup;
			children = (
				182C00272C2294EB00DAAED7 /* Preview Assets.xcassets */,
			);
			path = "Preview Content";
			sourceTree = "<group>";
		};
		A8E299A92C23549B005F5617 /* Model */ = {
			isa = PBXGroup;
			children = (
			);
			path = Model;
			sourceTree = "<group>";
		};
		A8E299AA2C2354A5005F5617 /* View */ = {
			isa = PBXGroup;
			children = (
				182C00212C2294EA00DAAED7 /* ContentView.swift */,
			);
			path = View;
			sourceTree = "<group>";
		};
		A8E299AB2C2354AB005F5617 /* ViewModel */ = {
			isa = PBXGroup;
			children = (
				182C00322C2295BA00DAAED7 /* NotesViewModel.swift */,
			);
			path = ViewModel;
			sourceTree = "<group>";
		};
		A8E299AC2C2354C9005F5617 /* Helpers */ = {
			isa = PBXGroup;
			children = (
				182C001A2C2294EA00DAAED7 /* CollebraDemoApp.swift */,
				A8E299AD2C2354D6005F5617 /* BiometricHelper */,
				A8E299AF2C235503005F5617 /* CoreDataHelper */,
			);
			path = Helpers;
			sourceTree = "<group>";
		};
		A8E299AD2C2354D6005F5617 /* BiometricHelper */ = {
			isa = PBXGroup;
			children = (
				182C002E2C22953A00DAAED7 /* BioMetricHelper.swift */,
			);
			path = BiometricHelper;
			sourceTree = "<group>";
		};
		A8E299AE2C2354F4005F5617 /* Cordinator */ = {
			isa = PBXGroup;
			children = (
				182C00342C22965B00DAAED7 /* AppCordinator.swift */,
			);
			path = Cordinator;
			sourceTree = "<group>";
		};
		A8E299AF2C235503005F5617 /* CoreDataHelper */ = {
			isa = PBXGroup;
			children = (
				182C001C2C2294EA00DAAED7 /* Persistence.swift */,
				182C00302C22959100DAAED7 /* DBMAnager.swift */,
			);
			path = CoreDataHelper;
			sourceTree = "<group>";
		};
/* End PBXGroup section */

/* Begin PBXNativeTarget section */
		182C00162C2294EA00DAAED7 /* CollebraDemo */ = {
			isa = PBXNativeTarget;
			buildConfigurationList = 182C002B2C2294EB00DAAED7 /* Build configuration list for PBXNativeTarget "CollebraDemo" */;
			buildPhases = (
				182C00132C2294EA00DAAED7 /* Sources */,
				182C00142C2294EA00DAAED7 /* Frameworks */,
				182C00152C2294EA00DAAED7 /* Resources */,
			);
			buildRules = (
			);
			dependencies = (
			);
			name = CollebraDemo;
			productName = CollebraDemo;
			productReference = 182C00172C2294EA00DAAED7 /* CollebraDemo.app */;
			productType = "com.apple.product-type.application";
		};
/* End PBXNativeTarget section */

/* Begin PBXProject section */
		182C000F2C2294EA00DAAED7 /* Project object */ = {
			isa = PBXProject;
			attributes = {
				BuildIndependentTargetsInParallel = 1;
				LastSwiftUpdateCheck = 1540;
				LastUpgradeCheck = 1540;
				TargetAttributes = {
					182C00162C2294EA00DAAED7 = {
						CreatedOnToolsVersion = 15.4;
					};
				};
			};
			buildConfigurationList = 182C00122C2294EA00DAAED7 /* Build configuration list for PBXProject "CollebraDemo" */;
			compatibilityVersion = "Xcode 14.0";
			developmentRegion = en;
			hasScannedForEncodings = 0;
			knownRegions = (
				en,
				Base,
			);
			mainGroup = 182C000E2C2294EA00DAAED7;
			productRefGroup = 182C00182C2294EA00DAAED7 /* Products */;
			projectDirPath = "";
			projectRoot = "";
			targets = (
				182C00162C2294EA00DAAED7 /* CollebraDemo */,
			);
		};
/* End PBXProject section */

/* Begin PBXResourcesBuildPhase section */
		182C00152C2294EA00DAAED7 /* Resources */ = {
			isa = PBXResourcesBuildPhase;
			buildActionMask = 2147483647;
			files = (
				182C00282C2294EB00DAAED7 /* Preview Assets.xcassets in Resources */,
				182C00242C2294EB00DAAED7 /* Assets.xcassets in Resources */,
			);
			runOnlyForDeploymentPostprocessing = 0;
		};
/* End PBXResourcesBuildPhase section */

/* Begin PBXSourcesBuildPhase section */
		182C00132C2294EA00DAAED7 /* Sources */ = {
			isa = PBXSourcesBuildPhase;
			buildActionMask = 2147483647;
			files = (
				182C001B2C2294EA00DAAED7 /* CollebraDemoApp.swift in Sources */,
				182C00332C2295BA00DAAED7 /* NotesViewModel.swift in Sources */,
				182C00202C2294EA00DAAED7 /* CollebraDemo.xcdatamodeld in Sources */,
				182C002F2C22953A00DAAED7 /* BioMetricHelper.swift in Sources */,
				182C00352C22965B00DAAED7 /* AppCordinator.swift in Sources */,
				182C00312C22959100DAAED7 /* DBMAnager.swift in Sources */,
				182C00222C2294EA00DAAED7 /* ContentView.swift in Sources */,
				182C001D2C2294EA00DAAED7 /* Persistence.swift in Sources */,
			);
			runOnlyForDeploymentPostprocessing = 0;
		};
/* End PBXSourcesBuildPhase section */

/* Begin XCBuildConfiguration section */
		182C00292C2294EB00DAAED7 /* Debug */ = {
			isa = XCBuildConfiguration;
			buildSettings = {
				ALWAYS_SEARCH_USER_PATHS = NO;
				ASSETCATALOG_COMPILER_GENERATE_SWIFT_ASSET_SYMBOL_EXTENSIONS = YES;
				CLANG_ANALYZER_NONNULL = YES;
				CLANG_ANALYZER_NUMBER_OBJECT_CONVERSION = YES_AGGRESSIVE;
				CLANG_CXX_LANGUAGE_STANDARD = "gnu++20";
				CLANG_ENABLE_MODULES = YES;
				CLANG_ENABLE_OBJC_ARC = YES;
				CLANG_ENABLE_OBJC_WEAK = YES;
				CLANG_WARN_BLOCK_CAPTURE_AUTORELEASING = YES;
				CLANG_WARN_BOOL_CONVERSION = YES;
				CLANG_WARN_COMMA = YES;
				CLANG_WARN_CONSTANT_CONVERSION = YES;
				CLANG_WARN_DEPRECATED_OBJC_IMPLEMENTATIONS = YES;
				CLANG_WARN_DIRECT_OBJC_ISA_USAGE = YES_ERROR;
				CLANG_WARN_DOCUMENTATION_COMMENTS = YES;
				CLANG_WARN_EMPTY_BODY = YES;
				CLANG_WARN_ENUM_CONVERSION = YES;
				CLANG_WARN_INFINITE_RECURSION = YES;
				CLANG_WARN_INT_CONVERSION = YES;
				CLANG_WARN_NON_LITERAL_NULL_CONVERSION = YES;
				CLANG_WARN_OBJC_IMPLICIT_RETAIN_SELF = YES;
				CLANG_WARN_OBJC_LITERAL_CONVERSION = YES;
				CLANG_WARN_OBJC_ROOT_CLASS = YES_ERROR;
				CLANG_WARN_QUOTED_INCLUDE_IN_FRAMEWORK_HEADER = YES;
				CLANG_WARN_RANGE_LOOP_ANALYSIS = YES;
				CLANG_WARN_STRICT_PROTOTYPES = YES;
				CLANG_WARN_SUSPICIOUS_MOVE = YES;
				CLANG_WARN_UNGUARDED_AVAILABILITY = YES_AGGRESSIVE;
				CLANG_WARN_UNREACHABLE_CODE = YES;
				CLANG_WARN__DUPLICATE_METHOD_MATCH = YES;
				COPY_PHASE_STRIP = NO;
				DEBUG_INFORMATION_FORMAT = dwarf;
				ENABLE_STRICT_OBJC_MSGSEND = YES;
				ENABLE_TESTABILITY = YES;
				ENABLE_USER_SCRIPT_SANDBOXING = YES;
				GCC_C_LANGUAGE_STANDARD = gnu17;
				GCC_DYNAMIC_NO_PIC = NO;
				GCC_NO_COMMON_BLOCKS = YES;
				GCC_OPTIMIZATION_LEVEL = 0;
				GCC_PREPROCESSOR_DEFINITIONS = (
					"DEBUG=1",
					"$(inherited)",
				);
				GCC_WARN_64_TO_32_BIT_CONVERSION = YES;
				GCC_WARN_ABOUT_RETURN_TYPE = YES_ERROR;
				GCC_WARN_UNDECLARED_SELECTOR = YES;
				GCC_WARN_UNINITIALIZED_AUTOS = YES_AGGRESSIVE;
				GCC_WARN_UNUSED_FUNCTION = YES;
				GCC_WARN_UNUSED_VARIABLE = YES;
				LOCALIZATION_PREFERS_STRING_CATALOGS = YES;
				MTL_ENABLE_DEBUG_INFO = INCLUDE_SOURCE;
				MTL_FAST_MATH = YES;
				ONLY_ACTIVE_ARCH = YES;
				SWIFT_ACTIVE_COMPILATION_CONDITIONS = "DEBUG $(inherited)";
				SWIFT_OPTIMIZATION_LEVEL = "-Onone";
			};
			name = Debug;
		};
		182C002A2C2294EB00DAAED7 /* Release */ = {
			isa = XCBuildConfiguration;
			buildSettings = {
				ALWAYS_SEARCH_USER_PATHS = NO;
				ASSETCATALOG_COMPILER_GENERATE_SWIFT_ASSET_SYMBOL_EXTENSIONS = YES;
				CLANG_ANALYZER_NONNULL = YES;
				CLANG_ANALYZER_NUMBER_OBJECT_CONVERSION = YES_AGGRESSIVE;
				CLANG_CXX_LANGUAGE_STANDARD = "gnu++20";
				CLANG_ENABLE_MODULES = YES;
				CLANG_ENABLE_OBJC_ARC = YES;
				CLANG_ENABLE_OBJC_WEAK = YES;
				CLANG_WARN_BLOCK_CAPTURE_AUTORELEASING = YES;
				CLANG_WARN_BOOL_CONVERSION = YES;
				CLANG_WARN_COMMA = YES;
				CLANG_WARN_CONSTANT_CONVERSION = YES;
				CLANG_WARN_DEPRECATED_OBJC_IMPLEMENTATIONS = YES;
				CLANG_WARN_DIRECT_OBJC_ISA_USAGE = YES_ERROR;
				CLANG_WARN_DOCUMENTATION_COMMENTS = YES;
				CLANG_WARN_EMPTY_BODY = YES;
				CLANG_WARN_ENUM_CONVERSION = YES;
				CLANG_WARN_INFINITE_RECURSION = YES;
				CLANG_WARN_INT_CONVERSION = YES;
				CLANG_WARN_NON_LITERAL_NULL_CONVERSION = YES;
				CLANG_WARN_OBJC_IMPLICIT_RETAIN_SELF = YES;
				CLANG_WARN_OBJC_LITERAL_CONVERSION = YES;
				CLANG_WARN_OBJC_ROOT_CLASS = YES_ERROR;
				CLANG_WARN_QUOTED_INCLUDE_IN_FRAMEWORK_HEADER = YES;
				CLANG_WARN_RANGE_LOOP_ANALYSIS = YES;
				CLANG_WARN_STRICT_PROTOTYPES = YES;
				CLANG_WARN_SUSPICIOUS_MOVE = YES;
				CLANG_WARN_UNGUARDED_AVAILABILITY = YES_AGGRESSIVE;
				CLANG_WARN_UNREACHABLE_CODE = YES;
				CLANG_WARN__DUPLICATE_METHOD_MATCH = YES;
				COPY_PHASE_STRIP = NO;
				DEBUG_INFORMATION_FORMAT = "dwarf-with-dsym";
				ENABLE_NS_ASSERTIONS = NO;
				ENABLE_STRICT_OBJC_MSGSEND = YES;
				ENABLE_USER_SCRIPT_SANDBOXING = YES;
				GCC_C_LANGUAGE_STANDARD = gnu17;
				GCC_NO_COMMON_BLOCKS = YES;
				GCC_WARN_64_TO_32_BIT_CONVERSION = YES;
				GCC_WARN_ABOUT_RETURN_TYPE = YES_ERROR;
				GCC_WARN_UNDECLARED_SELECTOR = YES;
				GCC_WARN_UNINITIALIZED_AUTOS = YES_AGGRESSIVE;
				GCC_WARN_UNUSED_FUNCTION = YES;
				GCC_WARN_UNUSED_VARIABLE = YES;
				LOCALIZATION_PREFERS_STRING_CATALOGS = YES;
				MTL_ENABLE_DEBUG_INFO = NO;
				MTL_FAST_MATH = YES;
				SWIFT_COMPILATION_MODE = wholemodule;
			};
			name = Release;
		};
		182C002C2C2294EB00DAAED7 /* Debug */ = {
			isa = XCBuildConfiguration;
			buildSettings = {
				ASSETCATALOG_COMPILER_APPICON_NAME = AppIcon;
				ASSETCATALOG_COMPILER_GLOBAL_ACCENT_COLOR_NAME = AccentColor;
				CODE_SIGN_ENTITLEMENTS = CollebraDemo/CollebraDemo.entitlements;
				CODE_SIGN_IDENTITY = "Apple Development";
				CODE_SIGN_STYLE = Automatic;
				CURRENT_PROJECT_VERSION = 1;
				DEVELOPMENT_ASSET_PATHS = "\"CollebraDemo/Preview Content\"";
				DEVELOPMENT_TEAM = AT7D79C424;
				ENABLE_PREVIEWS = YES;
				GENERATE_INFOPLIST_FILE = YES;
				INFOPLIST_KEY_NSFaceIDUsageDescription = "We want to use face id for secure notes access.";
				"INFOPLIST_KEY_UIApplicationSceneManifest_Generation[sdk=iphoneos*]" = YES;
				"INFOPLIST_KEY_UIApplicationSceneManifest_Generation[sdk=iphonesimulator*]" = YES;
				"INFOPLIST_KEY_UIApplicationSupportsIndirectInputEvents[sdk=iphoneos*]" = YES;
				"INFOPLIST_KEY_UIApplicationSupportsIndirectInputEvents[sdk=iphonesimulator*]" = YES;
				"INFOPLIST_KEY_UILaunchScreen_Generation[sdk=iphoneos*]" = YES;
				"INFOPLIST_KEY_UILaunchScreen_Generation[sdk=iphonesimulator*]" = YES;
				"INFOPLIST_KEY_UIStatusBarStyle[sdk=iphoneos*]" = UIStatusBarStyleDefault;
				"INFOPLIST_KEY_UIStatusBarStyle[sdk=iphonesimulator*]" = UIStatusBarStyleDefault;
				INFOPLIST_KEY_UISupportedInterfaceOrientations_iPad = "UIInterfaceOrientationPortrait UIInterfaceOrientationPortraitUpsideDown UIInterfaceOrientationLandscapeLeft UIInterfaceOrientationLandscapeRight";
				INFOPLIST_KEY_UISupportedInterfaceOrientations_iPhone = "UIInterfaceOrientationPortrait UIInterfaceOrientationLandscapeLeft UIInterfaceOrientationLandscapeRight";
				IPHONEOS_DEPLOYMENT_TARGET = 17.5;
				LD_RUNPATH_SEARCH_PATHS = "@executable_path/Frameworks";
				"LD_RUNPATH_SEARCH_PATHS[sdk=macosx*]" = "@executable_path/../Frameworks";
				MACOSX_DEPLOYMENT_TARGET = 14.5;
				MARKETING_VERSION = 1.0;
				PRODUCT_BUNDLE_IDENTIFIER = collebraDemo.com.CollebraDemo11;
				PRODUCT_NAME = "$(TARGET_NAME)";
				PROVISIONING_PROFILE_SPECIFIER = "";
				SDKROOT = auto;
				SUPPORTED_PLATFORMS = "iphoneos iphonesimulator";
				SUPPORTS_MACCATALYST = NO;
				SWIFT_EMIT_LOC_STRINGS = YES;
				SWIFT_VERSION = 5.0;
				TARGETED_DEVICE_FAMILY = "1,2";
			};
			name = Debug;
		};
		182C002D2C2294EB00DAAED7 /* Release */ = {
			isa = XCBuildConfiguration;
			buildSettings = {
				ASSETCATALOG_COMPILER_APPICON_NAME = AppIcon;
				ASSETCATALOG_COMPILER_GLOBAL_ACCENT_COLOR_NAME = AccentColor;
				CODE_SIGN_ENTITLEMENTS = CollebraDemo/CollebraDemo.entitlements;
				CODE_SIGN_IDENTITY = "Apple Development";
				CODE_SIGN_STYLE = Automatic;
				CURRENT_PROJECT_VERSION = 1;
				DEVELOPMENT_ASSET_PATHS = "\"CollebraDemo/Preview Content\"";
				DEVELOPMENT_TEAM = AT7D79C424;
				ENABLE_PREVIEWS = YES;
				GENERATE_INFOPLIST_FILE = YES;
				INFOPLIST_KEY_NSFaceIDUsageDescription = "We want to use face id for secure notes access.";
				"INFOPLIST_KEY_UIApplicationSceneManifest_Generation[sdk=iphoneos*]" = YES;
				"INFOPLIST_KEY_UIApplicationSceneManifest_Generation[sdk=iphonesimulator*]" = YES;
				"INFOPLIST_KEY_UIApplicationSupportsIndirectInputEvents[sdk=iphoneos*]" = YES;
				"INFOPLIST_KEY_UIApplicationSupportsIndirectInputEvents[sdk=iphonesimulator*]" = YES;
				"INFOPLIST_KEY_UILaunchScreen_Generation[sdk=iphoneos*]" = YES;
				"INFOPLIST_KEY_UILaunchScreen_Generation[sdk=iphonesimulator*]" = YES;
				"INFOPLIST_KEY_UIStatusBarStyle[sdk=iphoneos*]" = UIStatusBarStyleDefault;
				"INFOPLIST_KEY_UIStatusBarStyle[sdk=iphonesimulator*]" = UIStatusBarStyleDefault;
				INFOPLIST_KEY_UISupportedInterfaceOrientations_iPad = "UIInterfaceOrientationPortrait UIInterfaceOrientationPortraitUpsideDown UIInterfaceOrientationLandscapeLeft UIInterfaceOrientationLandscapeRight";
				INFOPLIST_KEY_UISupportedInterfaceOrientations_iPhone = "UIInterfaceOrientationPortrait UIInterfaceOrientationLandscapeLeft UIInterfaceOrientationLandscapeRight";
				IPHONEOS_DEPLOYMENT_TARGET = 17.5;
				LD_RUNPATH_SEARCH_PATHS = "@executable_path/Frameworks";
				"LD_RUNPATH_SEARCH_PATHS[sdk=macosx*]" = "@executable_path/../Frameworks";
				MACOSX_DEPLOYMENT_TARGET = 14.5;
				MARKETING_VERSION = 1.0;
				PRODUCT_BUNDLE_IDENTIFIER = collebraDemo.com.CollebraDemo11;
				PRODUCT_NAME = "$(TARGET_NAME)";
				PROVISIONING_PROFILE_SPECIFIER = "";
				SDKROOT = auto;
				SUPPORTED_PLATFORMS = "iphoneos iphonesimulator";
				SUPPORTS_MACCATALYST = NO;
				SWIFT_EMIT_LOC_STRINGS = YES;
				SWIFT_VERSION = 5.0;
				TARGETED_DEVICE_FAMILY = "1,2";
			};
			name = Release;
		};
/* End XCBuildConfiguration section */

/* Begin XCConfigurationList section */
		182C00122C2294EA00DAAED7 /* Build configuration list for PBXProject "CollebraDemo" */ = {
			isa = XCConfigurationList;
			buildConfigurations = (
				182C00292C2294EB00DAAED7 /* Debug */,
				182C002A2C2294EB00DAAED7 /* Release */,
			);
			defaultConfigurationIsVisible = 0;
			defaultConfigurationName = Release;
		};
		182C002B2C2294EB00DAAED7 /* Build configuration list for PBXNativeTarget "CollebraDemo" */ = {
			isa = XCConfigurationList;
			buildConfigurations = (
				182C002C2C2294EB00DAAED7 /* Debug */,
				182C002D2C2294EB00DAAED7 /* Release */,
			);
			defaultConfigurationIsVisible = 0;
			defaultConfigurationName = Release;
		};
/* End XCConfigurationList section */

/* Begin XCVersionGroup section */
		182C001E2C2294EA00DAAED7 /* CollebraDemo.xcdatamodeld */ = {
			isa = XCVersionGroup;
			children = (
				182C001F2C2294EA00DAAED7 /* CollebraDemo.xcdatamodel */,
			);
			currentVersion = 182C001F2C2294EA00DAAED7 /* CollebraDemo.xcdatamodel */;
			path = CollebraDemo.xcdatamodeld;
			sourceTree = "<group>";
			versionGroupType = wrapper.xcdatamodel;
		};
/* End XCVersionGroup section */
	};
	rootObject = 182C000F2C2294EA00DAAED7 /* Project object */;
}
